
Microsoft Visual Studio Solution File, Format Version 12.00
# Visual Studio Version 17
VisualStudioVersion = 17.8.34601.278
MinimumVisualStudioVersion = 10.0.40219.1
Project("{FAE04EC0-301F-11D3-BF4B-00C04F79EFBC}") = "Task1", "Task1\Task1.csproj", "{60B149A3-B399-4361-BEF0-F190CFEF1FE5}"
EndProject
Global
	GlobalSection(SolutionConfigurationPlatforms) = preSolution
		Debug|Any CPU = Debug|Any CPU
		Release|Any CPU = Release|Any CPU
	EndGlobalSection
	GlobalSection(ProjectConfigurationPlatforms) = postSolution
		{60B149A3-B399-4361-BEF0-F190CFEF1FE5}.Debug|Any CPU.ActiveCfg = Debug|Any CPU
		{60B149A3-B399-4361-BEF0-F190CFEF1FE5}.Debug|Any CPU.Build.0 = Debug|Any CPU
		{60B149A3-B399-4361-BEF0-F190CFEF1FE5}.Release|Any CPU.ActiveCfg = Release|Any CPU
		{60B149A3-B399-4361-BEF0-F190CFEF1FE5}.Release|Any CPU.Build.0 = Release|Any CPU
	EndGlobalSection
	GlobalSection(SolutionProperties) = preSolution
		HideSolutionNode = FALSE
	EndGlobalSection
	GlobalSection(ExtensibilityGlobals) = postSolution
		SolutionGuid = {675CC984-70F0-48AA-9EC2-C0B53EF311C2}
	EndGlobalSection
EndGlobal
